
Microsoft Visual Studio Solution File, Format Version 12.00
# Visual Studio Version 17
VisualStudioVersion = 17.8.34330.188
MinimumVisualStudioVersion = 10.0.40219.1
Project("{9A19103F-16F7-4668-BE54-9A1E7A4F7556}") = "TcpServerSample", "TcpServerSample\TcpServerSample.csproj", "{C9FA0A6F-37B4-43EE-BF20-EF4ED81C3AC1}"
EndProject
Global
	GlobalSection(SolutionConfigurationPlatforms) = preSolution
		Debug|Any CPU = Debug|Any CPU
		Release|Any CPU = Release|Any CPU
	EndGlobalSection
	GlobalSection(ProjectConfigurationPlatforms) = postSolution
		{C9FA0A6F-37B4-43EE-BF20-EF4ED81C3AC1}.Debug|Any CPU.ActiveCfg = Debug|Any CPU
		{C9FA0A6F-37B4-43EE-BF20-EF4ED81C3AC1}.Debug|Any CPU.Build.0 = Debug|Any CPU
		{C9FA0A6F-37B4-43EE-BF20-EF4ED81C3AC1}.Release|Any CPU.ActiveCfg = Release|Any CPU
		{C9FA0A6F-37B4-43EE-BF20-EF4ED81C3AC1}.Release|Any CPU.Build.0 = Release|Any CPU
	EndGlobalSection
	GlobalSection(SolutionProperties) = preSolution
		HideSolutionNode = FALSE
	EndGlobalSection
	GlobalSection(ExtensibilityGlobals) = postSolution
		SolutionGuid = {579DDB57-A854-4EC9-B353-FAE45E4E8366}
	EndGlobalSection
EndGlobal
